
Microsoft Visual Studio Solution File, Format Version 12.00
# Visual Studio Version 17
VisualStudioVersion = 17.2.32526.322
MinimumVisualStudioVersion = 10.0.40219.1
Project("{FAE04EC0-301F-11D3-BF4B-00C04F79EFBC}") = "WebApplication00", "WebApplication00.csproj", "{582DFA39-5DCA-4026-8ECF-E47318B0E402}"
EndProject
Global
	GlobalSection(SolutionConfigurationPlatforms) = preSolution
		Debug|Any CPU = Debug|Any CPU
		Release|Any CPU = Release|Any CPU
	EndGlobalSection
	GlobalSection(ProjectConfigurationPlatforms) = postSolution
		{582DFA39-5DCA-4026-8ECF-E47318B0E402}.Debug|Any CPU.ActiveCfg = Debug|Any CPU
		{582DFA39-5DCA-4026-8ECF-E47318B0E402}.Debug|Any CPU.Build.0 = Debug|Any CPU
		{582DFA39-5DCA-4026-8ECF-E47318B0E402}.Release|Any CPU.ActiveCfg = Release|Any CPU
		{582DFA39-5DCA-4026-8ECF-E47318B0E402}.Release|Any CPU.Build.0 = Release|Any CPU
	EndGlobalSection
	GlobalSection(SolutionProperties) = preSolution
		HideSolutionNode = FALSE
	EndGlobalSection
	GlobalSection(ExtensibilityGlobals) = postSolution
		SolutionGuid = {6264BE50-B031-4B8B-BBC3-CAF95A57E12E}
	EndGlobalSection
EndGlobal
